
Microsoft Visual Studio Solution File, Format Version 12.00
# Visual Studio Version 16
VisualStudioVersion = 16.0.31624.102
MinimumVisualStudioVersion = 10.0.40219.1
Project("{FAE04EC0-301F-11D3-BF4B-00C04F79EFBC}") = "Modul3HW3", "Modul3HW3\Modul3HW3.csproj", "{459E8B7B-D117-432C-B83C-729BA8E5E993}"
EndProject
Global
	GlobalSection(SolutionConfigurationPlatforms) = preSolution
		Debug|Any CPU = Debug|Any CPU
		Release|Any CPU = Release|Any CPU
	EndGlobalSection
	GlobalSection(ProjectConfigurationPlatforms) = postSolution
		{459E8B7B-D117-432C-B83C-729BA8E5E993}.Debug|Any CPU.ActiveCfg = Debug|Any CPU
		{459E8B7B-D117-432C-B83C-729BA8E5E993}.Debug|Any CPU.Build.0 = Debug|Any CPU
		{459E8B7B-D117-432C-B83C-729BA8E5E993}.Release|Any CPU.ActiveCfg = Release|Any CPU
		{459E8B7B-D117-432C-B83C-729BA8E5E993}.Release|Any CPU.Build.0 = Release|Any CPU
	EndGlobalSection
	GlobalSection(SolutionProperties) = preSolution
		HideSolutionNode = FALSE
	EndGlobalSection
	GlobalSection(ExtensibilityGlobals) = postSolution
		SolutionGuid = {51D0F9CF-D506-4EEE-8606-E64C994D0866}
	EndGlobalSection
EndGlobal
